
Microsoft Visual Studio Solution File, Format Version 12.00
# Visual Studio Version 16
VisualStudioVersion = 16.0.30002.166
MinimumVisualStudioVersion = 10.0.40219.1
Project("{FAE04EC0-301F-11D3-BF4B-00C04F79EFBC}") = "monthseason", "monthseason\monthseason.csproj", "{9DEC02CD-42D5-4FF5-B165-1FA1B803E950}"
EndProject
Global
	GlobalSection(SolutionConfigurationPlatforms) = preSolution
		Debug|Any CPU = Debug|Any CPU
		Release|Any CPU = Release|Any CPU
	EndGlobalSection
	GlobalSection(ProjectConfigurationPlatforms) = postSolution
		{9DEC02CD-42D5-4FF5-B165-1FA1B803E950}.Debug|Any CPU.ActiveCfg = Debug|Any CPU
		{9DEC02CD-42D5-4FF5-B165-1FA1B803E950}.Debug|Any CPU.Build.0 = Debug|Any CPU
		{9DEC02CD-42D5-4FF5-B165-1FA1B803E950}.Release|Any CPU.ActiveCfg = Release|Any CPU
		{9DEC02CD-42D5-4FF5-B165-1FA1B803E950}.Release|Any CPU.Build.0 = Release|Any CPU
	EndGlobalSection
	GlobalSection(SolutionProperties) = preSolution
		HideSolutionNode = FALSE
	EndGlobalSection
	GlobalSection(ExtensibilityGlobals) = postSolution
		SolutionGuid = {906B2ECB-FD83-42A7-AE10-5F334F2C27C5}
	EndGlobalSection
EndGlobal
